// !$*UTF8*$!
{
	archiveVersion = 1;
	classes = {
	};
	objectVersion = 46;
	objects = {

/* Begin PBXBuildFile section */
		4AEDB2FC170BABA400E087F0 /* main.cpp in Sources */ = {isa = PBXBuildFile; fileRef = 4AEDB2FB170BABA400E087F0 /* main.cpp */; };
		4AEDB2FE170BABA400E087F0 /* GitDive_NoCinder.1 in CopyFiles */ = {isa = PBXBuildFile; fileRef = 4AEDB2FD170BABA400E087F0 /* GitDive_NoCinder.1 */; };
		4AEDB30D170BAC0500E087F0 /* GitDataTypes.cpp in Sources */ = {isa = PBXBuildFile; fileRef = 4AEDB306170BAC0500E087F0 /* GitDataTypes.cpp */; };
		4AEDB30E170BAC0500E087F0 /* GitFileManager.cpp in Sources */ = {isa = PBXBuildFile; fileRef = 4AEDB308170BAC0500E087F0 /* GitFileManager.cpp */; };
		4AEDB30F170BAC0500E087F0 /* GitLogParser.cpp in Sources */ = {isa = PBXBuildFile; fileRef = 4AEDB30A170BAC0500E087F0 /* GitLogParser.cpp */; };
		4AEDB310170BAC0500E087F0 /* Utils.cpp in Sources */ = {isa = PBXBuildFile; fileRef = 4AEDB30C170BAC0500E087F0 /* Utils.cpp */; };
		4AEDB319170BAC6100E087F0 /* libboost_iostreams.a in Frameworks */ = {isa = PBXBuildFile; fileRef = 4AEDB313170BAC6100E087F0 /* libboost_iostreams.a */; };
/* End PBXBuildFile section */

/* Begin PBXCopyFilesBuildPhase section */
		4AEDB2F6170BABA400E087F0 /* CopyFiles */ = {
			isa = PBXCopyFilesBuildPhase;
			buildActionMask = 2147483647;
			dstPath = /usr/share/man/man1/;
			dstSubfolderSpec = 0;
			files = (
				4AEDB2FE170BABA400E087F0 /* GitDive_NoCinder.1 in CopyFiles */,
			);
			runOnlyForDeploymentPostprocessing = 1;
		};
/* End PBXCopyFilesBuildPhase section */

/* Begin PBXFileReference section */
		4AEDB2F8170BABA400E087F0 /* GitDive_NoCinder */ = {isa = PBXFileReference; explicitFileType = "compiled.mach-o.executable"; includeInIndex = 0; path = GitDive_NoCinder; sourceTree = BUILT_PRODUCTS_DIR; };
		4AEDB2FB170BABA400E087F0 /* main.cpp */ = {isa = PBXFileReference; lastKnownFileType = sourcecode.cpp.cpp; path = main.cpp; sourceTree = "<group>"; };
		4AEDB2FD170BABA400E087F0 /* GitDive_NoCinder.1 */ = {isa = PBXFileReference; lastKnownFileType = text.man; path = GitDive_NoCinder.1; sourceTree = "<group>"; };
		4AEDB304170BAC0500E087F0 /* Resources.h */ = {isa = PBXFileReference; fileEncoding = 4; lastKnownFileType = sourcecode.c.h; name = Resources.h; path = ../../../GitDive_Cinder/include/Resources.h; sourceTree = "<group>"; };
		4AEDB305170BAC0500E087F0 /* Utils.h */ = {isa = PBXFileReference; fileEncoding = 4; lastKnownFileType = sourcecode.c.h; name = Utils.h; path = ../../../GitDive_Cinder/include/Utils.h; sourceTree = "<group>"; };
		4AEDB306170BAC0500E087F0 /* GitDataTypes.cpp */ = {isa = PBXFileReference; fileEncoding = 4; lastKnownFileType = sourcecode.cpp.cpp; name = GitDataTypes.cpp; path = ../../../GitDive_Cinder/src/GitDataTypes.cpp; sourceTree = "<group>"; };
		4AEDB307170BAC0500E087F0 /* GitDataTypes.h */ = {isa = PBXFileReference; fileEncoding = 4; lastKnownFileType = sourcecode.c.h; name = GitDataTypes.h; path = ../../../GitDive_Cinder/src/GitDataTypes.h; sourceTree = "<group>"; };
		4AEDB308170BAC0500E087F0 /* GitFileManager.cpp */ = {isa = PBXFileReference; fileEncoding = 4; lastKnownFileType = sourcecode.cpp.cpp; name = GitFileManager.cpp; path = ../../../GitDive_Cinder/src/GitFileManager.cpp; sourceTree = "<group>"; };
		4AEDB309170BAC0500E087F0 /* GitFileManager.h */ = {isa = PBXFileReference; fileEncoding = 4; lastKnownFileType = sourcecode.c.h; name = GitFileManager.h; path = ../../../GitDive_Cinder/src/GitFileManager.h; sourceTree = "<group>"; };
		4AEDB30A170BAC0500E087F0 /* GitLogParser.cpp */ = {isa = PBXFileReference; fileEncoding = 4; lastKnownFileType = sourcecode.cpp.cpp; name = GitLogParser.cpp; path = ../../../GitDive_Cinder/src/GitLogParser.cpp; sourceTree = "<group>"; };
		4AEDB30B170BAC0500E087F0 /* GitLogParser.h */ = {isa = PBXFileReference; fileEncoding = 4; lastKnownFileType = sourcecode.c.h; name = GitLogParser.h; path = ../../../GitDive_Cinder/src/GitLogParser.h; sourceTree = "<group>"; };
		4AEDB30C170BAC0500E087F0 /* Utils.cpp */ = {isa = PBXFileReference; fileEncoding = 4; lastKnownFileType = sourcecode.cpp.cpp; name = Utils.cpp; path = ../../../GitDive_Cinder/src/Utils.cpp; sourceTree = "<group>"; };
		4AEDB313170BAC6100E087F0 /* libboost_iostreams.a */ = {isa = PBXFileReference; lastKnownFileType = archive.ar; name = libboost_iostreams.a; path = ../../../../Cinder/lib/macosx/libboost_iostreams.a; sourceTree = "<group>"; };
/* End PBXFileReference section */

/* Begin PBXFrameworksBuildPhase section */
		4AEDB2F5170BABA400E087F0 /* Frameworks */ = {
			isa = PBXFrameworksBuildPhase;
			buildActionMask = 2147483647;
			files = (
				4AEDB319170BAC6100E087F0 /* libboost_iostreams.a in Frameworks */,
			);
			runOnlyForDeploymentPostprocessing = 0;
		};
/* End PBXFrameworksBuildPhase section */

/* Begin PBXGroup section */
		4AEDB2EF170BABA400E087F0 = {
			isa = PBXGroup;
			children = (
				4AEDB313170BAC6100E087F0 /* libboost_iostreams.a */,
				4AEDB2FA170BABA400E087F0 /* GitDive_NoCinder */,
				4AEDB2F9170BABA400E087F0 /* Products */,
			);
			sourceTree = "<group>";
		};
		4AEDB2F9170BABA400E087F0 /* Products */ = {
			isa = PBXGroup;
			children = (
				4AEDB2F8170BABA400E087F0 /* GitDive_NoCinder */,
			);
			name = Products;
			sourceTree = "<group>";
		};
		4AEDB2FA170BABA400E087F0 /* GitDive_NoCinder */ = {
			isa = PBXGroup;
			children = (
				4AEDB304170BAC0500E087F0 /* Resources.h */,
				4AEDB305170BAC0500E087F0 /* Utils.h */,
				4AEDB306170BAC0500E087F0 /* GitDataTypes.cpp */,
				4AEDB307170BAC0500E087F0 /* GitDataTypes.h */,
				4AEDB308170BAC0500E087F0 /* GitFileManager.cpp */,
				4AEDB309170BAC0500E087F0 /* GitFileManager.h */,
				4AEDB30A170BAC0500E087F0 /* GitLogParser.cpp */,
				4AEDB30B170BAC0500E087F0 /* GitLogParser.h */,
				4AEDB30C170BAC0500E087F0 /* Utils.cpp */,
				4AEDB2FB170BABA400E087F0 /* main.cpp */,
				4AEDB2FD170BABA400E087F0 /* GitDive_NoCinder.1 */,
			);
			path = GitDive_NoCinder;
			sourceTree = "<group>";
		};
/* End PBXGroup section */

/* Begin PBXNativeTarget section */
		4AEDB2F7170BABA400E087F0 /* GitDive_NoCinder */ = {
			isa = PBXNativeTarget;
			buildConfigurationList = 4AEDB301170BABA400E087F0 /* Build configuration list for PBXNativeTarget "GitDive_NoCinder" */;
			buildPhases = (
				4AEDB2F4170BABA400E087F0 /* Sources */,
				4AEDB2F5170BABA400E087F0 /* Frameworks */,
				4AEDB2F6170BABA400E087F0 /* CopyFiles */,
			);
			buildRules = (
			);
			dependencies = (
			);
			name = GitDive_NoCinder;
			productName = GitDive_NoCinder;
			productReference = 4AEDB2F8170BABA400E087F0 /* GitDive_NoCinder */;
			productType = "com.apple.product-type.tool";
		};
/* End PBXNativeTarget section */

/* Begin PBXProject section */
		4AEDB2F0170BABA400E087F0 /* Project object */ = {
			isa = PBXProject;
			attributes = {
				LastUpgradeCheck = 0460;
				ORGANIZATIONNAME = "Byron Mallett";
			};
			buildConfigurationList = 4AEDB2F3170BABA400E087F0 /* Build configuration list for PBXProject "GitDive_NoCinder" */;
			compatibilityVersion = "Xcode 3.2";
			developmentRegion = English;
			hasScannedForEncodings = 0;
			knownRegions = (
				en,
			);
			mainGroup = 4AEDB2EF170BABA400E087F0;
			productRefGroup = 4AEDB2F9170BABA400E087F0 /* Products */;
			projectDirPath = "";
			projectRoot = "";
			targets = (
				4AEDB2F7170BABA400E087F0 /* GitDive_NoCinder */,
			);
		};
/* End PBXProject section */

/* Begin PBXSourcesBuildPhase section */
		4AEDB2F4170BABA400E087F0 /* Sources */ = {
			isa = PBXSourcesBuildPhase;
			buildActionMask = 2147483647;
			files = (
				4AEDB2FC170BABA400E087F0 /* main.cpp in Sources */,
				4AEDB30D170BAC0500E087F0 /* GitDataTypes.cpp in Sources */,
				4AEDB30E170BAC0500E087F0 /* GitFileManager.cpp in Sources */,
				4AEDB30F170BAC0500E087F0 /* GitLogParser.cpp in Sources */,
				4AEDB310170BAC0500E087F0 /* Utils.cpp in Sources */,
			);
			runOnlyForDeploymentPostprocessing = 0;
		};
/* End PBXSourcesBuildPhase section */

/* Begin XCBuildConfiguration section */
		4AEDB2FF170BABA400E087F0 /* Debug */ = {
			isa = XCBuildConfiguration;
			buildSettings = {
				ALWAYS_SEARCH_USER_PATHS = YES;
				ARCHS = "$(ARCHS_STANDARD_64_BIT)";
				CLANG_CXX_LANGUAGE_STANDARD = "gnu++0x";
				CLANG_CXX_LIBRARY = "libc++";
				CLANG_ENABLE_OBJC_ARC = YES;
				CLANG_WARN_CONSTANT_CONVERSION = YES;
				CLANG_WARN_EMPTY_BODY = YES;
				CLANG_WARN_ENUM_CONVERSION = YES;
				CLANG_WARN_INT_CONVERSION = YES;
				CLANG_WARN__DUPLICATE_METHOD_MATCH = YES;
				COPY_PHASE_STRIP = NO;
				GCC_C_LANGUAGE_STANDARD = gnu99;
				GCC_DYNAMIC_NO_PIC = NO;
				GCC_ENABLE_OBJC_EXCEPTIONS = YES;
				GCC_OPTIMIZATION_LEVEL = 0;
				GCC_PREPROCESSOR_DEFINITIONS = (
					"DEBUG=1",
					"$(inherited)",
				);
				GCC_SYMBOLS_PRIVATE_EXTERN = NO;
				GCC_WARN_64_TO_32_BIT_CONVERSION = YES;
				GCC_WARN_ABOUT_RETURN_TYPE = YES;
				GCC_WARN_UNINITIALIZED_AUTOS = YES;
				GCC_WARN_UNUSED_VARIABLE = YES;
				MACOSX_DEPLOYMENT_TARGET = 10.8;
				ONLY_ACTIVE_ARCH = YES;
				SDKROOT = macosx;
				USER_HEADER_SEARCH_PATHS = /Users/mystfit/Code/Cinder/boost/boost;
			};
			name = Debug;
		};
		4AEDB300170BABA400E087F0 /* Release */ = {
			isa = XCBuildConfiguration;
			buildSettings = {
				ALWAYS_SEARCH_USER_PATHS = YES;
				ARCHS = "$(ARCHS_STANDARD_64_BIT)";
				CLANG_CXX_LANGUAGE_STANDARD = "gnu++0x";
				CLANG_CXX_LIBRARY = "libc++";
				CLANG_ENABLE_OBJC_ARC = YES;
				CLANG_WARN_CONSTANT_CONVERSION = YES;
				CLANG_WARN_EMPTY_BODY = YES;
				CLANG_WARN_ENUM_CONVERSION = YES;
				CLANG_WARN_INT_CONVERSION = YES;
				CLANG_WARN__DUPLICATE_METHOD_MATCH = YES;
				COPY_PHASE_STRIP = YES;
				DEBUG_INFORMATION_FORMAT = "dwarf-with-dsym";
				GCC_C_LANGUAGE_STANDARD = gnu99;
				GCC_ENABLE_OBJC_EXCEPTIONS = YES;
				GCC_WARN_64_TO_32_BIT_CONVERSION = YES;
				GCC_WARN_ABOUT_RETURN_TYPE = YES;
				GCC_WARN_UNINITIALIZED_AUTOS = YES;
				GCC_WARN_UNUSED_VARIABLE = YES;
				MACOSX_DEPLOYMENT_TARGET = 10.8;
				SDKROOT = macosx;
				USER_HEADER_SEARCH_PATHS = /Users/mystfit/Code/Cinder/boost/boost;
			};
			name = Release;
		};
		4AEDB302170BABA400E087F0 /* Debug */ = {
			isa = XCBuildConfiguration;
			buildSettings = {
				LIBRARY_SEARCH_PATHS = (
					"$(inherited)",
					"\"$(SRCROOT)/../../../../Cinder/lib/macosx\"",
				);
				PRODUCT_NAME = "$(TARGET_NAME)";
			};
			name = Debug;
		};
		4AEDB303170BABA400E087F0 /* Release */ = {
			isa = XCBuildConfiguration;
			buildSettings = {
				LIBRARY_SEARCH_PATHS = (
					"$(inherited)",
					"\"$(SRCROOT)/../../../../Cinder/lib/macosx\"",
				);
				PRODUCT_NAME = "$(TARGET_NAME)";
			};
			name = Release;
		};
/* End XCBuildConfiguration section */

/* Begin XCConfigurationList section */
		4AEDB2F3170BABA400E087F0 /* Build configuration list for PBXProject "GitDive_NoCinder" */ = {
			isa = XCConfigurationList;
			buildConfigurations = (
				4AEDB2FF170BABA400E087F0 /* Debug */,
				4AEDB300170BABA400E087F0 /* Release */,
			);
			defaultConfigurationIsVisible = 0;
			defaultConfigurationName = Release;
		};
		4AEDB301170BABA400E087F0 /* Build configuration list for PBXNativeTarget "GitDive_NoCinder" */ = {
			isa = XCConfigurationList;
			buildConfigurations = (
				4AEDB302170BABA400E087F0 /* Debug */,
				4AEDB303170BABA400E087F0 /* Release */,
			);
			defaultConfigurationIsVisible = 0;
		};
/* End XCConfigurationList section */
	};
	rootObject = 4AEDB2F0170BABA400E087F0 /* Project object */;
}
